
Microsoft Visual Studio Solution File, Format Version 12.00
# Visual Studio Version 17
VisualStudioVersion = 17.1.32414.318
MinimumVisualStudioVersion = 10.0.40219.1
Project("{8BC9CEB8-8B4A-11D0-8D11-00A0C91BC942}") = "PaperMC-tool", "PaperMC-tool\PaperMC-tool.vcxproj", "{BE719378-2765-426E-BEB5-F7DC2A8C91FA}"
EndProject
Global
	GlobalSection(SolutionConfigurationPlatforms) = preSolution
		Debug|x64 = Debug|x64
		Debug|x86 = Debug|x86
		Release|x64 = Release|x64
		Release|x86 = Release|x86
	EndGlobalSection
	GlobalSection(ProjectConfigurationPlatforms) = postSolution
		{BE719378-2765-426E-BEB5-F7DC2A8C91FA}.Debug|x64.ActiveCfg = Debug|x64
		{BE719378-2765-426E-BEB5-F7DC2A8C91FA}.Debug|x64.Build.0 = Debug|x64
		{BE719378-2765-426E-BEB5-F7DC2A8C91FA}.Debug|x86.ActiveCfg = Debug|Win32
		{BE719378-2765-426E-BEB5-F7DC2A8C91FA}.Debug|x86.Build.0 = Debug|Win32
		{BE719378-2765-426E-BEB5-F7DC2A8C91FA}.Release|x64.ActiveCfg = Release|x64
		{BE719378-2765-426E-BEB5-F7DC2A8C91FA}.Release|x64.Build.0 = Release|x64
		{BE719378-2765-426E-BEB5-F7DC2A8C91FA}.Release|x86.ActiveCfg = Release|Win32
		{BE719378-2765-426E-BEB5-F7DC2A8C91FA}.Release|x86.Build.0 = Release|Win32
	EndGlobalSection
	GlobalSection(SolutionProperties) = preSolution
		HideSolutionNode = FALSE
	EndGlobalSection
	GlobalSection(ExtensibilityGlobals) = postSolution
		SolutionGuid = {6D6FA0E0-EC0A-4ED9-A25F-7A9E82DA73C5}
	EndGlobalSection
EndGlobal
